
Microsoft Visual Studio Solution File, Format Version 12.00
# Visual Studio 15
VisualStudioVersion = 15.0.26124.0
MinimumVisualStudioVersion = 15.0.26124.0
Project("{FAE04EC0-301F-11D3-BF4B-00C04F79EFBC}") = "RefrigeratedLayout", "src\RefrigeratedLayout.csproj", "{5A135533-C0D1-4A1B-A50F-6915C7713DFA}"
EndProject
Project("{FAE04EC0-301F-11D3-BF4B-00C04F79EFBC}") = "RefrigeratedLayout.Dependencies", "dependencies\RefrigeratedLayout.Dependencies.csproj", "{394A0900-A213-4C2D-906C-42053D1246B1}"
EndProject
Project("{FAE04EC0-301F-11D3-BF4B-00C04F79EFBC}") = "RefrigeratedLayout.tests", "test\RefrigeratedLayout.tests.csproj", "{CE2F0774-82DF-42AB-A3BC-7688255AAD71}"
EndProject
Global
	GlobalSection(SolutionConfigurationPlatforms) = preSolution
		Debug|Any CPU = Debug|Any CPU
		Debug|x64 = Debug|x64
		Debug|x86 = Debug|x86
		Release|Any CPU = Release|Any CPU
		Release|x64 = Release|x64
		Release|x86 = Release|x86
	EndGlobalSection
	GlobalSection(SolutionProperties) = preSolution
		HideSolutionNode = FALSE
	EndGlobalSection
	GlobalSection(ProjectConfigurationPlatforms) = postSolution
		{5A135533-C0D1-4A1B-A50F-6915C7713DFA}.Debug|Any CPU.ActiveCfg = Debug|Any CPU
		{5A135533-C0D1-4A1B-A50F-6915C7713DFA}.Debug|Any CPU.Build.0 = Debug|Any CPU
		{5A135533-C0D1-4A1B-A50F-6915C7713DFA}.Debug|x64.ActiveCfg = Debug|Any CPU
		{5A135533-C0D1-4A1B-A50F-6915C7713DFA}.Debug|x64.Build.0 = Debug|Any CPU
		{5A135533-C0D1-4A1B-A50F-6915C7713DFA}.Debug|x86.ActiveCfg = Debug|Any CPU
		{5A135533-C0D1-4A1B-A50F-6915C7713DFA}.Debug|x86.Build.0 = Debug|Any CPU
		{5A135533-C0D1-4A1B-A50F-6915C7713DFA}.Release|Any CPU.ActiveCfg = Release|Any CPU
		{5A135533-C0D1-4A1B-A50F-6915C7713DFA}.Release|Any CPU.Build.0 = Release|Any CPU
		{5A135533-C0D1-4A1B-A50F-6915C7713DFA}.Release|x64.ActiveCfg = Release|Any CPU
		{5A135533-C0D1-4A1B-A50F-6915C7713DFA}.Release|x64.Build.0 = Release|Any CPU
		{5A135533-C0D1-4A1B-A50F-6915C7713DFA}.Release|x86.ActiveCfg = Release|Any CPU
		{5A135533-C0D1-4A1B-A50F-6915C7713DFA}.Release|x86.Build.0 = Release|Any CPU
		{394A0900-A213-4C2D-906C-42053D1246B1}.Debug|Any CPU.ActiveCfg = Debug|Any CPU
		{394A0900-A213-4C2D-906C-42053D1246B1}.Debug|Any CPU.Build.0 = Debug|Any CPU
		{394A0900-A213-4C2D-906C-42053D1246B1}.Debug|x64.ActiveCfg = Debug|Any CPU
		{394A0900-A213-4C2D-906C-42053D1246B1}.Debug|x64.Build.0 = Debug|Any CPU
		{394A0900-A213-4C2D-906C-42053D1246B1}.Debug|x86.ActiveCfg = Debug|Any CPU
		{394A0900-A213-4C2D-906C-42053D1246B1}.Debug|x86.Build.0 = Debug|Any CPU
		{394A0900-A213-4C2D-906C-42053D1246B1}.Release|Any CPU.ActiveCfg = Release|Any CPU
		{394A0900-A213-4C2D-906C-42053D1246B1}.Release|Any CPU.Build.0 = Release|Any CPU
		{394A0900-A213-4C2D-906C-42053D1246B1}.Release|x64.ActiveCfg = Release|Any CPU
		{394A0900-A213-4C2D-906C-42053D1246B1}.Release|x64.Build.0 = Release|Any CPU
		{394A0900-A213-4C2D-906C-42053D1246B1}.Release|x86.ActiveCfg = Release|Any CPU
		{394A0900-A213-4C2D-906C-42053D1246B1}.Release|x86.Build.0 = Release|Any CPU
		{CE2F0774-82DF-42AB-A3BC-7688255AAD71}.Debug|Any CPU.ActiveCfg = Debug|Any CPU
		{CE2F0774-82DF-42AB-A3BC-7688255AAD71}.Debug|Any CPU.Build.0 = Debug|Any CPU
		{CE2F0774-82DF-42AB-A3BC-7688255AAD71}.Debug|x64.ActiveCfg = Debug|Any CPU
		{CE2F0774-82DF-42AB-A3BC-7688255AAD71}.Debug|x64.Build.0 = Debug|Any CPU
		{CE2F0774-82DF-42AB-A3BC-7688255AAD71}.Debug|x86.ActiveCfg = Debug|Any CPU
		{CE2F0774-82DF-42AB-A3BC-7688255AAD71}.Debug|x86.Build.0 = Debug|Any CPU
		{CE2F0774-82DF-42AB-A3BC-7688255AAD71}.Release|Any CPU.ActiveCfg = Release|Any CPU
		{CE2F0774-82DF-42AB-A3BC-7688255AAD71}.Release|Any CPU.Build.0 = Release|Any CPU
		{CE2F0774-82DF-42AB-A3BC-7688255AAD71}.Release|x64.ActiveCfg = Release|Any CPU
		{CE2F0774-82DF-42AB-A3BC-7688255AAD71}.Release|x64.Build.0 = Release|Any CPU
		{CE2F0774-82DF-42AB-A3BC-7688255AAD71}.Release|x86.ActiveCfg = Release|Any CPU
		{CE2F0774-82DF-42AB-A3BC-7688255AAD71}.Release|x86.Build.0 = Release|Any CPU
	EndGlobalSection
EndGlobal
