
Microsoft Visual Studio Solution File, Format Version 12.00
# Visual Studio 15
VisualStudioVersion = 15.0.26124.0
MinimumVisualStudioVersion = 15.0.26124.0
Project("{FAE04EC0-301F-11D3-BF4B-00C04F79EFBC}") = "ProduceLayout", "src\ProduceLayout.csproj", "{936E6A11-8B63-4051-BE73-2CA505D40411}"
EndProject
Project("{FAE04EC0-301F-11D3-BF4B-00C04F79EFBC}") = "ProduceLayout.Dependencies", "dependencies\ProduceLayout.Dependencies.csproj", "{A4BE9E3D-EE47-43AD-83D2-C9E3E48C01AF}"
EndProject
Project("{FAE04EC0-301F-11D3-BF4B-00C04F79EFBC}") = "ProduceLayout.tests", "test\ProduceLayout.tests.csproj", "{D9C0C364-30CA-4424-BC36-1E0C1DFC4996}"
EndProject
Global
	GlobalSection(SolutionConfigurationPlatforms) = preSolution
		Debug|Any CPU = Debug|Any CPU
		Debug|x64 = Debug|x64
		Debug|x86 = Debug|x86
		Release|Any CPU = Release|Any CPU
		Release|x64 = Release|x64
		Release|x86 = Release|x86
	EndGlobalSection
	GlobalSection(SolutionProperties) = preSolution
		HideSolutionNode = FALSE
	EndGlobalSection
	GlobalSection(ProjectConfigurationPlatforms) = postSolution
		{936E6A11-8B63-4051-BE73-2CA505D40411}.Debug|Any CPU.ActiveCfg = Debug|Any CPU
		{936E6A11-8B63-4051-BE73-2CA505D40411}.Debug|Any CPU.Build.0 = Debug|Any CPU
		{936E6A11-8B63-4051-BE73-2CA505D40411}.Debug|x64.ActiveCfg = Debug|Any CPU
		{936E6A11-8B63-4051-BE73-2CA505D40411}.Debug|x64.Build.0 = Debug|Any CPU
		{936E6A11-8B63-4051-BE73-2CA505D40411}.Debug|x86.ActiveCfg = Debug|Any CPU
		{936E6A11-8B63-4051-BE73-2CA505D40411}.Debug|x86.Build.0 = Debug|Any CPU
		{936E6A11-8B63-4051-BE73-2CA505D40411}.Release|Any CPU.ActiveCfg = Release|Any CPU
		{936E6A11-8B63-4051-BE73-2CA505D40411}.Release|Any CPU.Build.0 = Release|Any CPU
		{936E6A11-8B63-4051-BE73-2CA505D40411}.Release|x64.ActiveCfg = Release|Any CPU
		{936E6A11-8B63-4051-BE73-2CA505D40411}.Release|x64.Build.0 = Release|Any CPU
		{936E6A11-8B63-4051-BE73-2CA505D40411}.Release|x86.ActiveCfg = Release|Any CPU
		{936E6A11-8B63-4051-BE73-2CA505D40411}.Release|x86.Build.0 = Release|Any CPU
		{A4BE9E3D-EE47-43AD-83D2-C9E3E48C01AF}.Debug|Any CPU.ActiveCfg = Debug|Any CPU
		{A4BE9E3D-EE47-43AD-83D2-C9E3E48C01AF}.Debug|Any CPU.Build.0 = Debug|Any CPU
		{A4BE9E3D-EE47-43AD-83D2-C9E3E48C01AF}.Debug|x64.ActiveCfg = Debug|Any CPU
		{A4BE9E3D-EE47-43AD-83D2-C9E3E48C01AF}.Debug|x64.Build.0 = Debug|Any CPU
		{A4BE9E3D-EE47-43AD-83D2-C9E3E48C01AF}.Debug|x86.ActiveCfg = Debug|Any CPU
		{A4BE9E3D-EE47-43AD-83D2-C9E3E48C01AF}.Debug|x86.Build.0 = Debug|Any CPU
		{A4BE9E3D-EE47-43AD-83D2-C9E3E48C01AF}.Release|Any CPU.ActiveCfg = Release|Any CPU
		{A4BE9E3D-EE47-43AD-83D2-C9E3E48C01AF}.Release|Any CPU.Build.0 = Release|Any CPU
		{A4BE9E3D-EE47-43AD-83D2-C9E3E48C01AF}.Release|x64.ActiveCfg = Release|Any CPU
		{A4BE9E3D-EE47-43AD-83D2-C9E3E48C01AF}.Release|x64.Build.0 = Release|Any CPU
		{A4BE9E3D-EE47-43AD-83D2-C9E3E48C01AF}.Release|x86.ActiveCfg = Release|Any CPU
		{A4BE9E3D-EE47-43AD-83D2-C9E3E48C01AF}.Release|x86.Build.0 = Release|Any CPU
		{D9C0C364-30CA-4424-BC36-1E0C1DFC4996}.Debug|Any CPU.ActiveCfg = Debug|Any CPU
		{D9C0C364-30CA-4424-BC36-1E0C1DFC4996}.Debug|Any CPU.Build.0 = Debug|Any CPU
		{D9C0C364-30CA-4424-BC36-1E0C1DFC4996}.Debug|x64.ActiveCfg = Debug|Any CPU
		{D9C0C364-30CA-4424-BC36-1E0C1DFC4996}.Debug|x64.Build.0 = Debug|Any CPU
		{D9C0C364-30CA-4424-BC36-1E0C1DFC4996}.Debug|x86.ActiveCfg = Debug|Any CPU
		{D9C0C364-30CA-4424-BC36-1E0C1DFC4996}.Debug|x86.Build.0 = Debug|Any CPU
		{D9C0C364-30CA-4424-BC36-1E0C1DFC4996}.Release|Any CPU.ActiveCfg = Release|Any CPU
		{D9C0C364-30CA-4424-BC36-1E0C1DFC4996}.Release|Any CPU.Build.0 = Release|Any CPU
		{D9C0C364-30CA-4424-BC36-1E0C1DFC4996}.Release|x64.ActiveCfg = Release|Any CPU
		{D9C0C364-30CA-4424-BC36-1E0C1DFC4996}.Release|x64.Build.0 = Release|Any CPU
		{D9C0C364-30CA-4424-BC36-1E0C1DFC4996}.Release|x86.ActiveCfg = Release|Any CPU
		{D9C0C364-30CA-4424-BC36-1E0C1DFC4996}.Release|x86.Build.0 = Release|Any CPU
	EndGlobalSection
EndGlobal
