
Microsoft Visual Studio Solution File, Format Version 12.00
# Visual Studio 15
VisualStudioVersion = 15.0.26124.0
MinimumVisualStudioVersion = 15.0.26124.0
Project("{FAE04EC0-301F-11D3-BF4B-00C04F79EFBC}") = "Checkout", "src\Checkout.csproj", "{19B250AB-FC65-470E-B5B1-0B30FB2A4F7C}"
EndProject
Project("{FAE04EC0-301F-11D3-BF4B-00C04F79EFBC}") = "Checkout.Dependencies", "dependencies\Checkout.Dependencies.csproj", "{F8F3BA73-1B60-4EBE-B263-0A10364AE844}"
EndProject
Project("{FAE04EC0-301F-11D3-BF4B-00C04F79EFBC}") = "Checkout.tests", "test\Checkout.tests.csproj", "{4639A8C9-4680-4F5B-AB3B-45E02F4F4F35}"
EndProject
Global
	GlobalSection(SolutionConfigurationPlatforms) = preSolution
		Debug|Any CPU = Debug|Any CPU
		Debug|x64 = Debug|x64
		Debug|x86 = Debug|x86
		Release|Any CPU = Release|Any CPU
		Release|x64 = Release|x64
		Release|x86 = Release|x86
	EndGlobalSection
	GlobalSection(SolutionProperties) = preSolution
		HideSolutionNode = FALSE
	EndGlobalSection
	GlobalSection(ProjectConfigurationPlatforms) = postSolution
		{19B250AB-FC65-470E-B5B1-0B30FB2A4F7C}.Debug|Any CPU.ActiveCfg = Debug|Any CPU
		{19B250AB-FC65-470E-B5B1-0B30FB2A4F7C}.Debug|Any CPU.Build.0 = Debug|Any CPU
		{19B250AB-FC65-470E-B5B1-0B30FB2A4F7C}.Debug|x64.ActiveCfg = Debug|Any CPU
		{19B250AB-FC65-470E-B5B1-0B30FB2A4F7C}.Debug|x64.Build.0 = Debug|Any CPU
		{19B250AB-FC65-470E-B5B1-0B30FB2A4F7C}.Debug|x86.ActiveCfg = Debug|Any CPU
		{19B250AB-FC65-470E-B5B1-0B30FB2A4F7C}.Debug|x86.Build.0 = Debug|Any CPU
		{19B250AB-FC65-470E-B5B1-0B30FB2A4F7C}.Release|Any CPU.ActiveCfg = Release|Any CPU
		{19B250AB-FC65-470E-B5B1-0B30FB2A4F7C}.Release|Any CPU.Build.0 = Release|Any CPU
		{19B250AB-FC65-470E-B5B1-0B30FB2A4F7C}.Release|x64.ActiveCfg = Release|Any CPU
		{19B250AB-FC65-470E-B5B1-0B30FB2A4F7C}.Release|x64.Build.0 = Release|Any CPU
		{19B250AB-FC65-470E-B5B1-0B30FB2A4F7C}.Release|x86.ActiveCfg = Release|Any CPU
		{19B250AB-FC65-470E-B5B1-0B30FB2A4F7C}.Release|x86.Build.0 = Release|Any CPU
		{F8F3BA73-1B60-4EBE-B263-0A10364AE844}.Debug|Any CPU.ActiveCfg = Debug|Any CPU
		{F8F3BA73-1B60-4EBE-B263-0A10364AE844}.Debug|Any CPU.Build.0 = Debug|Any CPU
		{F8F3BA73-1B60-4EBE-B263-0A10364AE844}.Debug|x64.ActiveCfg = Debug|Any CPU
		{F8F3BA73-1B60-4EBE-B263-0A10364AE844}.Debug|x64.Build.0 = Debug|Any CPU
		{F8F3BA73-1B60-4EBE-B263-0A10364AE844}.Debug|x86.ActiveCfg = Debug|Any CPU
		{F8F3BA73-1B60-4EBE-B263-0A10364AE844}.Debug|x86.Build.0 = Debug|Any CPU
		{F8F3BA73-1B60-4EBE-B263-0A10364AE844}.Release|Any CPU.ActiveCfg = Release|Any CPU
		{F8F3BA73-1B60-4EBE-B263-0A10364AE844}.Release|Any CPU.Build.0 = Release|Any CPU
		{F8F3BA73-1B60-4EBE-B263-0A10364AE844}.Release|x64.ActiveCfg = Release|Any CPU
		{F8F3BA73-1B60-4EBE-B263-0A10364AE844}.Release|x64.Build.0 = Release|Any CPU
		{F8F3BA73-1B60-4EBE-B263-0A10364AE844}.Release|x86.ActiveCfg = Release|Any CPU
		{F8F3BA73-1B60-4EBE-B263-0A10364AE844}.Release|x86.Build.0 = Release|Any CPU
		{4639A8C9-4680-4F5B-AB3B-45E02F4F4F35}.Debug|Any CPU.ActiveCfg = Debug|Any CPU
		{4639A8C9-4680-4F5B-AB3B-45E02F4F4F35}.Debug|Any CPU.Build.0 = Debug|Any CPU
		{4639A8C9-4680-4F5B-AB3B-45E02F4F4F35}.Debug|x64.ActiveCfg = Debug|Any CPU
		{4639A8C9-4680-4F5B-AB3B-45E02F4F4F35}.Debug|x64.Build.0 = Debug|Any CPU
		{4639A8C9-4680-4F5B-AB3B-45E02F4F4F35}.Debug|x86.ActiveCfg = Debug|Any CPU
		{4639A8C9-4680-4F5B-AB3B-45E02F4F4F35}.Debug|x86.Build.0 = Debug|Any CPU
		{4639A8C9-4680-4F5B-AB3B-45E02F4F4F35}.Release|Any CPU.ActiveCfg = Release|Any CPU
		{4639A8C9-4680-4F5B-AB3B-45E02F4F4F35}.Release|Any CPU.Build.0 = Release|Any CPU
		{4639A8C9-4680-4F5B-AB3B-45E02F4F4F35}.Release|x64.ActiveCfg = Release|Any CPU
		{4639A8C9-4680-4F5B-AB3B-45E02F4F4F35}.Release|x64.Build.0 = Release|Any CPU
		{4639A8C9-4680-4F5B-AB3B-45E02F4F4F35}.Release|x86.ActiveCfg = Release|Any CPU
		{4639A8C9-4680-4F5B-AB3B-45E02F4F4F35}.Release|x86.Build.0 = Release|Any CPU
	EndGlobalSection
EndGlobal
