
Microsoft Visual Studio Solution File, Format Version 12.00
# Visual Studio 15
VisualStudioVersion = 15.0.26124.0
MinimumVisualStudioVersion = 15.0.26124.0
Project("{FAE04EC0-301F-11D3-BF4B-00C04F79EFBC}") = "PreparedFoodLayout", "src\PreparedFoodLayout.csproj", "{4F5C7902-EF99-4669-9F45-F92454A54DB7}"
EndProject
Project("{FAE04EC0-301F-11D3-BF4B-00C04F79EFBC}") = "PreparedFoodLayout.Dependencies", "dependencies\PreparedFoodLayout.Dependencies.csproj", "{882F34C5-7BF9-48EA-A064-8B4E69D5B09A}"
EndProject
Project("{FAE04EC0-301F-11D3-BF4B-00C04F79EFBC}") = "PreparedFoodLayout.tests", "test\PreparedFoodLayout.tests.csproj", "{7F731437-554B-4E84-9D2B-B904CFFC60E7}"
EndProject
Global
	GlobalSection(SolutionConfigurationPlatforms) = preSolution
		Debug|Any CPU = Debug|Any CPU
		Debug|x64 = Debug|x64
		Debug|x86 = Debug|x86
		Release|Any CPU = Release|Any CPU
		Release|x64 = Release|x64
		Release|x86 = Release|x86
	EndGlobalSection
	GlobalSection(SolutionProperties) = preSolution
		HideSolutionNode = FALSE
	EndGlobalSection
	GlobalSection(ProjectConfigurationPlatforms) = postSolution
		{4F5C7902-EF99-4669-9F45-F92454A54DB7}.Debug|Any CPU.ActiveCfg = Debug|Any CPU
		{4F5C7902-EF99-4669-9F45-F92454A54DB7}.Debug|Any CPU.Build.0 = Debug|Any CPU
		{4F5C7902-EF99-4669-9F45-F92454A54DB7}.Debug|x64.ActiveCfg = Debug|Any CPU
		{4F5C7902-EF99-4669-9F45-F92454A54DB7}.Debug|x64.Build.0 = Debug|Any CPU
		{4F5C7902-EF99-4669-9F45-F92454A54DB7}.Debug|x86.ActiveCfg = Debug|Any CPU
		{4F5C7902-EF99-4669-9F45-F92454A54DB7}.Debug|x86.Build.0 = Debug|Any CPU
		{4F5C7902-EF99-4669-9F45-F92454A54DB7}.Release|Any CPU.ActiveCfg = Release|Any CPU
		{4F5C7902-EF99-4669-9F45-F92454A54DB7}.Release|Any CPU.Build.0 = Release|Any CPU
		{4F5C7902-EF99-4669-9F45-F92454A54DB7}.Release|x64.ActiveCfg = Release|Any CPU
		{4F5C7902-EF99-4669-9F45-F92454A54DB7}.Release|x64.Build.0 = Release|Any CPU
		{4F5C7902-EF99-4669-9F45-F92454A54DB7}.Release|x86.ActiveCfg = Release|Any CPU
		{4F5C7902-EF99-4669-9F45-F92454A54DB7}.Release|x86.Build.0 = Release|Any CPU
		{882F34C5-7BF9-48EA-A064-8B4E69D5B09A}.Debug|Any CPU.ActiveCfg = Debug|Any CPU
		{882F34C5-7BF9-48EA-A064-8B4E69D5B09A}.Debug|Any CPU.Build.0 = Debug|Any CPU
		{882F34C5-7BF9-48EA-A064-8B4E69D5B09A}.Debug|x64.ActiveCfg = Debug|Any CPU
		{882F34C5-7BF9-48EA-A064-8B4E69D5B09A}.Debug|x64.Build.0 = Debug|Any CPU
		{882F34C5-7BF9-48EA-A064-8B4E69D5B09A}.Debug|x86.ActiveCfg = Debug|Any CPU
		{882F34C5-7BF9-48EA-A064-8B4E69D5B09A}.Debug|x86.Build.0 = Debug|Any CPU
		{882F34C5-7BF9-48EA-A064-8B4E69D5B09A}.Release|Any CPU.ActiveCfg = Release|Any CPU
		{882F34C5-7BF9-48EA-A064-8B4E69D5B09A}.Release|Any CPU.Build.0 = Release|Any CPU
		{882F34C5-7BF9-48EA-A064-8B4E69D5B09A}.Release|x64.ActiveCfg = Release|Any CPU
		{882F34C5-7BF9-48EA-A064-8B4E69D5B09A}.Release|x64.Build.0 = Release|Any CPU
		{882F34C5-7BF9-48EA-A064-8B4E69D5B09A}.Release|x86.ActiveCfg = Release|Any CPU
		{882F34C5-7BF9-48EA-A064-8B4E69D5B09A}.Release|x86.Build.0 = Release|Any CPU
		{7F731437-554B-4E84-9D2B-B904CFFC60E7}.Debug|Any CPU.ActiveCfg = Debug|Any CPU
		{7F731437-554B-4E84-9D2B-B904CFFC60E7}.Debug|Any CPU.Build.0 = Debug|Any CPU
		{7F731437-554B-4E84-9D2B-B904CFFC60E7}.Debug|x64.ActiveCfg = Debug|Any CPU
		{7F731437-554B-4E84-9D2B-B904CFFC60E7}.Debug|x64.Build.0 = Debug|Any CPU
		{7F731437-554B-4E84-9D2B-B904CFFC60E7}.Debug|x86.ActiveCfg = Debug|Any CPU
		{7F731437-554B-4E84-9D2B-B904CFFC60E7}.Debug|x86.Build.0 = Debug|Any CPU
		{7F731437-554B-4E84-9D2B-B904CFFC60E7}.Release|Any CPU.ActiveCfg = Release|Any CPU
		{7F731437-554B-4E84-9D2B-B904CFFC60E7}.Release|Any CPU.Build.0 = Release|Any CPU
		{7F731437-554B-4E84-9D2B-B904CFFC60E7}.Release|x64.ActiveCfg = Release|Any CPU
		{7F731437-554B-4E84-9D2B-B904CFFC60E7}.Release|x64.Build.0 = Release|Any CPU
		{7F731437-554B-4E84-9D2B-B904CFFC60E7}.Release|x86.ActiveCfg = Release|Any CPU
		{7F731437-554B-4E84-9D2B-B904CFFC60E7}.Release|x86.Build.0 = Release|Any CPU
	EndGlobalSection
EndGlobal
