
Microsoft Visual Studio Solution File, Format Version 12.00
# Visual Studio 15
VisualStudioVersion = 15.0.26124.0
MinimumVisualStudioVersion = 15.0.26124.0
Project("{FAE04EC0-301F-11D3-BF4B-00C04F79EFBC}") = "BigBoxFacade", "src\BigBoxFacade.csproj", "{43160757-638D-49DC-A1EA-42DC304C947C}"
EndProject
Project("{FAE04EC0-301F-11D3-BF4B-00C04F79EFBC}") = "BigBoxFacade.Dependencies", "dependencies\BigBoxFacade.Dependencies.csproj", "{F662E592-F095-4BC0-9C10-7844DBA9ED28}"
EndProject
Project("{FAE04EC0-301F-11D3-BF4B-00C04F79EFBC}") = "BigBoxFacade.tests", "test\BigBoxFacade.tests.csproj", "{7724CBB8-3166-4F90-BC2B-B4038EA436AA}"
EndProject
Global
	GlobalSection(SolutionConfigurationPlatforms) = preSolution
		Debug|Any CPU = Debug|Any CPU
		Debug|x64 = Debug|x64
		Debug|x86 = Debug|x86
		Release|Any CPU = Release|Any CPU
		Release|x64 = Release|x64
		Release|x86 = Release|x86
	EndGlobalSection
	GlobalSection(SolutionProperties) = preSolution
		HideSolutionNode = FALSE
	EndGlobalSection
	GlobalSection(ProjectConfigurationPlatforms) = postSolution
		{43160757-638D-49DC-A1EA-42DC304C947C}.Debug|Any CPU.ActiveCfg = Debug|Any CPU
		{43160757-638D-49DC-A1EA-42DC304C947C}.Debug|Any CPU.Build.0 = Debug|Any CPU
		{43160757-638D-49DC-A1EA-42DC304C947C}.Debug|x64.ActiveCfg = Debug|Any CPU
		{43160757-638D-49DC-A1EA-42DC304C947C}.Debug|x64.Build.0 = Debug|Any CPU
		{43160757-638D-49DC-A1EA-42DC304C947C}.Debug|x86.ActiveCfg = Debug|Any CPU
		{43160757-638D-49DC-A1EA-42DC304C947C}.Debug|x86.Build.0 = Debug|Any CPU
		{43160757-638D-49DC-A1EA-42DC304C947C}.Release|Any CPU.ActiveCfg = Release|Any CPU
		{43160757-638D-49DC-A1EA-42DC304C947C}.Release|Any CPU.Build.0 = Release|Any CPU
		{43160757-638D-49DC-A1EA-42DC304C947C}.Release|x64.ActiveCfg = Release|Any CPU
		{43160757-638D-49DC-A1EA-42DC304C947C}.Release|x64.Build.0 = Release|Any CPU
		{43160757-638D-49DC-A1EA-42DC304C947C}.Release|x86.ActiveCfg = Release|Any CPU
		{43160757-638D-49DC-A1EA-42DC304C947C}.Release|x86.Build.0 = Release|Any CPU
		{F662E592-F095-4BC0-9C10-7844DBA9ED28}.Debug|Any CPU.ActiveCfg = Debug|Any CPU
		{F662E592-F095-4BC0-9C10-7844DBA9ED28}.Debug|Any CPU.Build.0 = Debug|Any CPU
		{F662E592-F095-4BC0-9C10-7844DBA9ED28}.Debug|x64.ActiveCfg = Debug|Any CPU
		{F662E592-F095-4BC0-9C10-7844DBA9ED28}.Debug|x64.Build.0 = Debug|Any CPU
		{F662E592-F095-4BC0-9C10-7844DBA9ED28}.Debug|x86.ActiveCfg = Debug|Any CPU
		{F662E592-F095-4BC0-9C10-7844DBA9ED28}.Debug|x86.Build.0 = Debug|Any CPU
		{F662E592-F095-4BC0-9C10-7844DBA9ED28}.Release|Any CPU.ActiveCfg = Release|Any CPU
		{F662E592-F095-4BC0-9C10-7844DBA9ED28}.Release|Any CPU.Build.0 = Release|Any CPU
		{F662E592-F095-4BC0-9C10-7844DBA9ED28}.Release|x64.ActiveCfg = Release|Any CPU
		{F662E592-F095-4BC0-9C10-7844DBA9ED28}.Release|x64.Build.0 = Release|Any CPU
		{F662E592-F095-4BC0-9C10-7844DBA9ED28}.Release|x86.ActiveCfg = Release|Any CPU
		{F662E592-F095-4BC0-9C10-7844DBA9ED28}.Release|x86.Build.0 = Release|Any CPU
		{7724CBB8-3166-4F90-BC2B-B4038EA436AA}.Debug|Any CPU.ActiveCfg = Debug|Any CPU
		{7724CBB8-3166-4F90-BC2B-B4038EA436AA}.Debug|Any CPU.Build.0 = Debug|Any CPU
		{7724CBB8-3166-4F90-BC2B-B4038EA436AA}.Debug|x64.ActiveCfg = Debug|Any CPU
		{7724CBB8-3166-4F90-BC2B-B4038EA436AA}.Debug|x64.Build.0 = Debug|Any CPU
		{7724CBB8-3166-4F90-BC2B-B4038EA436AA}.Debug|x86.ActiveCfg = Debug|Any CPU
		{7724CBB8-3166-4F90-BC2B-B4038EA436AA}.Debug|x86.Build.0 = Debug|Any CPU
		{7724CBB8-3166-4F90-BC2B-B4038EA436AA}.Release|Any CPU.ActiveCfg = Release|Any CPU
		{7724CBB8-3166-4F90-BC2B-B4038EA436AA}.Release|Any CPU.Build.0 = Release|Any CPU
		{7724CBB8-3166-4F90-BC2B-B4038EA436AA}.Release|x64.ActiveCfg = Release|Any CPU
		{7724CBB8-3166-4F90-BC2B-B4038EA436AA}.Release|x64.Build.0 = Release|Any CPU
		{7724CBB8-3166-4F90-BC2B-B4038EA436AA}.Release|x86.ActiveCfg = Release|Any CPU
		{7724CBB8-3166-4F90-BC2B-B4038EA436AA}.Release|x86.Build.0 = Release|Any CPU
	EndGlobalSection
EndGlobal
